
Microsoft Visual Studio Solution File, Format Version 12.00
# Visual Studio Version 16
VisualStudioVersion = 16.0.29230.61
MinimumVisualStudioVersion = 10.0.40219.1
Project("{9A19103F-16F7-4668-BE54-9A1E7A4F7556}") = "MultiDownloader", "MultiDownloader\MultiDownloader.csproj", "{40B23DE2-D148-459C-9A0F-850C934D6CD0}"
EndProject
Project("{FAE04EC0-301F-11D3-BF4B-00C04F79EFBC}") = "MultiDownloaderUnitTests", "MultiDownloaderUnitTests\MultiDownloaderUnitTests.csproj", "{D718EB40-4A10-4F63-BBE9-97FDEE835661}"
EndProject
Global
	GlobalSection(SolutionConfigurationPlatforms) = preSolution
		Debug|Any CPU = Debug|Any CPU
		Release|Any CPU = Release|Any CPU
	EndGlobalSection
	GlobalSection(ProjectConfigurationPlatforms) = postSolution
		{40B23DE2-D148-459C-9A0F-850C934D6CD0}.Debug|Any CPU.ActiveCfg = Debug|Any CPU
		{40B23DE2-D148-459C-9A0F-850C934D6CD0}.Debug|Any CPU.Build.0 = Debug|Any CPU
		{40B23DE2-D148-459C-9A0F-850C934D6CD0}.Release|Any CPU.ActiveCfg = Release|Any CPU
		{40B23DE2-D148-459C-9A0F-850C934D6CD0}.Release|Any CPU.Build.0 = Release|Any CPU
		{D718EB40-4A10-4F63-BBE9-97FDEE835661}.Debug|Any CPU.ActiveCfg = Debug|Any CPU
		{D718EB40-4A10-4F63-BBE9-97FDEE835661}.Debug|Any CPU.Build.0 = Debug|Any CPU
		{D718EB40-4A10-4F63-BBE9-97FDEE835661}.Release|Any CPU.ActiveCfg = Release|Any CPU
		{D718EB40-4A10-4F63-BBE9-97FDEE835661}.Release|Any CPU.Build.0 = Release|Any CPU
	EndGlobalSection
	GlobalSection(SolutionProperties) = preSolution
		HideSolutionNode = FALSE
	EndGlobalSection
	GlobalSection(ExtensibilityGlobals) = postSolution
		SolutionGuid = {3C4D3EED-BA09-41AF-BB82-A63C843D5C00}
	EndGlobalSection
EndGlobal
